
Microsoft Visual Studio Solution File, Format Version 12.00
# Visual Studio Version 17
VisualStudioVersion = 17.1.32319.34
MinimumVisualStudioVersion = 10.0.40219.1
Project("{FAE04EC0-301F-11D3-BF4B-00C04F79EFBC}") = "ByteBank_Parte3", "01-ByteBank\ByteBank_Parte3.csproj", "{E8681774-8B81-42C3-A8A9-A85DAEBA8A88}"
EndProject
Global
	GlobalSection(SolutionConfigurationPlatforms) = preSolution
		Debug|Any CPU = Debug|Any CPU
		Release|Any CPU = Release|Any CPU
	EndGlobalSection
	GlobalSection(ProjectConfigurationPlatforms) = postSolution
		{E8681774-8B81-42C3-A8A9-A85DAEBA8A88}.Debug|Any CPU.ActiveCfg = Debug|Any CPU
		{E8681774-8B81-42C3-A8A9-A85DAEBA8A88}.Debug|Any CPU.Build.0 = Debug|Any CPU
		{E8681774-8B81-42C3-A8A9-A85DAEBA8A88}.Release|Any CPU.ActiveCfg = Release|Any CPU
		{E8681774-8B81-42C3-A8A9-A85DAEBA8A88}.Release|Any CPU.Build.0 = Release|Any CPU
	EndGlobalSection
	GlobalSection(SolutionProperties) = preSolution
		HideSolutionNode = FALSE
	EndGlobalSection
	GlobalSection(ExtensibilityGlobals) = postSolution
		SolutionGuid = {623461AA-0B21-4B76-9F1A-D3C31036B019}
	EndGlobalSection
EndGlobal
